
Microsoft Visual Studio Solution File, Format Version 12.00
# Visual Studio Version 17
VisualStudioVersion = 17.6.33815.320
MinimumVisualStudioVersion = 10.0.40219.1
Project("{FAE04EC0-301F-11D3-BF4B-00C04F79EFBC}") = "D1", "D1.csproj", "{6E29E0BA-8221-46FB-A939-43FE0206058A}"
EndProject
Global
	GlobalSection(SolutionConfigurationPlatforms) = preSolution
		Debug|Any CPU = Debug|Any CPU
		Release|Any CPU = Release|Any CPU
	EndGlobalSection
	GlobalSection(ProjectConfigurationPlatforms) = postSolution
		{6E29E0BA-8221-46FB-A939-43FE0206058A}.Debug|Any CPU.ActiveCfg = Debug|Any CPU
		{6E29E0BA-8221-46FB-A939-43FE0206058A}.Debug|Any CPU.Build.0 = Debug|Any CPU
		{6E29E0BA-8221-46FB-A939-43FE0206058A}.Release|Any CPU.ActiveCfg = Release|Any CPU
		{6E29E0BA-8221-46FB-A939-43FE0206058A}.Release|Any CPU.Build.0 = Release|Any CPU
	EndGlobalSection
	GlobalSection(SolutionProperties) = preSolution
		HideSolutionNode = FALSE
	EndGlobalSection
	GlobalSection(ExtensibilityGlobals) = postSolution
		SolutionGuid = {005B74EC-A6C5-466E-ADCD-F1B04CBD4764}
	EndGlobalSection
EndGlobal
